{
  "name": "innovation",
  "lockfileVersion": 3,
  "requires": true,
  "packages": {
    "": {
      "dependencies": {
        "swiper": "^11.0.2"
      }
    },
    "node_modules/swiper": {
      "version": "11.0.2",
      "resolved": "https://registry.npmjs.org/swiper/-/swiper-11.0.2.tgz",
      "integrity": "sha512-JMHZYdUDG0V5ZdzWJkQicW4F7u4edmS4vlOhciTDhcZokDL2N8EE2uP4INxqIgpiJMoeHlwATqZk2yEAW7F6Dw==",
      "funding": [
        {
          "type": "patreon",
          "url": "https://www.patreon.com/swiperjs"
        },
        {
          "type": "open_collective",
          "url": "http://opencollective.com/swiper"
        }
      ],
      "engines": {
        "node": ">= 4.7.0"
      }
    }
  }
}
